Microsoft Visual Studio Solution File, Format Version 12.00
# Visual Studio Version 17
VisualStudioVersion = 17.5.2.0
MinimumVisualStudioVersion = 10.0.40219.1
Project("{FAE04EC0-301F-11D3-BF4B-00C04F79EFBC}") = "insertion_sort", "insertion_sort.csproj", "{626636F6-3305-25D7-37FD-0FFE14A87D5B}"
EndProject
Global
	GlobalSection(SolutionConfigurationPlatforms) = preSolution
		Debug|Any CPU = Debug|Any CPU
		Release|Any CPU = Release|Any CPU
	EndGlobalSection
	GlobalSection(ProjectConfigurationPlatforms) = postSolution
		{626636F6-3305-25D7-37FD-0FFE14A87D5B}.Debug|Any CPU.ActiveCfg = Debug|Any CPU
		{626636F6-3305-25D7-37FD-0FFE14A87D5B}.Debug|Any CPU.Build.0 = Debug|Any CPU
		{626636F6-3305-25D7-37FD-0FFE14A87D5B}.Release|Any CPU.ActiveCfg = Release|Any CPU
		{626636F6-3305-25D7-37FD-0FFE14A87D5B}.Release|Any CPU.Build.0 = Release|Any CPU
	EndGlobalSection
	GlobalSection(SolutionProperties) = preSolution
		HideSolutionNode = FALSE
	EndGlobalSection
	GlobalSection(ExtensibilityGlobals) = postSolution
		SolutionGuid = {8C2666EA-8358-418B-823B-9A749DF09424}
	EndGlobalSection
EndGlobal
